{
    "_meta": {
        "hash": {
            "sha256": "293439811b94d3d3157aa97f48a634b293df28d1cc718fb7040a7e61d0d9a2d0"
        },
        "pipfile-spec": 6,
        "requires": {},
        "sources": [
            {
                "name": "pypi",
                "url": "https://pypi.python.org/simple",
                "verify_ssl": true
            }
        ]
    },
    "default": {
        "argparse": {
            "hashes": [
                "sha256:62b089a55be1d8949cd2bc7e0df0bddb9e028faefc8c32038cc84862aefdd6e4",
                "sha256:c31647edb69fd3d465a847ea3157d37bed1f95f19760b11a47aa91c04b666314"
            ],
            "index": "pypi",
            "version": "==1.4.0"
        },
        "python-iptables": {
            "hashes": [
                "sha256:53b09257467681d7ea547cd3140eccd8c70effb3748af4b56ffed2f6011189e7"
            ],
            "index": "pypi",
            "version": "==0.13.0"
        },
        "scapy": {
            "hashes": [
                "sha256:1baa048936207ceb1a4281a0e1e3b4317667c754872a0bb4734c5213c468e86a"
            ],
            "index": "pypi",
            "version": "==2.4.2"
        }
    },
    "develop": {}
}
